
Microsoft Visual Studio Solution File, Format Version 12.00
# Visual Studio Version 16
VisualStudioVersion = 16.0.29709.97
MinimumVisualStudioVersion = 10.0.40219.1
Project("{2150E333-8FDC-42A3-9474-1A3956D46DE8}") = "misc", "misc", "{610AD463-1E0D-4A3D-90A1-63601EBCB04B}"
	ProjectSection(SolutionItems) = preProject
		misc\changelog.txt = misc\changelog.txt
		misc\todo.txt = misc\todo.txt
	EndProjectSection
EndProject
Project("{2150E333-8FDC-42A3-9474-1A3956D46DE8}") = "nuget", "nuget", "{4B7B63A0-E089-4E61-9A26-F65708D36480}"
	ProjectSection(SolutionItems) = preProject
		nuget\TauCode.WebApi.Host.EasyNetQ.nuspec = nuget\TauCode.WebApi.Host.EasyNetQ.nuspec
	EndProjectSection
EndProject
Project("{2150E333-8FDC-42A3-9474-1A3956D46DE8}") = "src", "src", "{55BDF550-85CB-4191-BF57-F86396941073}"
EndProject
Project("{2150E333-8FDC-42A3-9474-1A3956D46DE8}") = "tests", "tests", "{8E13E4F1-A467-4291-8E29-967C0DEE1740}"
EndProject
Project("{9A19103F-16F7-4668-BE54-9A1E7A4F7556}") = "TauCode.WebApi.Host.EasyNetQ", "src\TauCode.WebApi.Host.EasyNetQ\TauCode.WebApi.Host.EasyNetQ.csproj", "{6634CD42-8338-4681-9471-119611A28A92}"
EndProject
Project("{2150E333-8FDC-42A3-9474-1A3956D46DE8}") = "DemoServer", "DemoServer", "{50E2D8DB-B5EE-433B-A4C5-2E5C73F9BB28}"
EndProject
Project("{9A19103F-16F7-4668-BE54-9A1E7A4F7556}") = "DemoCommon", "tests\DemoCommon\DemoCommon.csproj", "{B6A20FC6-1B2C-4EC2-9B20-D899EE3F9A98}"
EndProject
Project("{9A19103F-16F7-4668-BE54-9A1E7A4F7556}") = "DemoUser", "tests\DemoUser\DemoUser.csproj", "{36BE9208-AD30-4035-B807-441AFFF6E355}"
EndProject
Project("{9A19103F-16F7-4668-BE54-9A1E7A4F7556}") = "Domain", "tests\DemoServer\Domain\Domain.csproj", "{4C4C26FA-67A6-4025-B07C-602BA9BB9D2F}"
EndProject
Project("{9A19103F-16F7-4668-BE54-9A1E7A4F7556}") = "DbMigrations", "tests\DemoServer\DbMigrations\DbMigrations.csproj", "{CA6BB345-7EFE-4450-A7C1-4D86E0B7B98F}"
EndProject
Project("{9A19103F-16F7-4668-BE54-9A1E7A4F7556}") = "Persistence", "tests\DemoServer\Persistence\Persistence.csproj", "{50CF13D6-C90C-44AB-8B81-3C6626291834}"
EndProject
Project("{9A19103F-16F7-4668-BE54-9A1E7A4F7556}") = "Core", "tests\DemoServer\Core\Core.csproj", "{ED840DCB-9D95-4E61-894E-FBEE817B527F}"
EndProject
Project("{FAE04EC0-301F-11D3-BF4B-00C04F79EFBC}") = "AppHost", "tests\DemoServer\AppHost\AppHost.csproj", "{4782C034-BD3C-4704-9A35-D4E646CA3630}"
EndProject
Global
	GlobalSection(SolutionConfigurationPlatforms) = preSolution
		Debug|Any CPU = Debug|Any CPU
		Release|Any CPU = Release|Any CPU
	EndGlobalSection
	GlobalSection(ProjectConfigurationPlatforms) = postSolution
		{6634CD42-8338-4681-9471-119611A28A92}.Debug|Any CPU.ActiveCfg = Debug|Any CPU
		{6634CD42-8338-4681-9471-119611A28A92}.Debug|Any CPU.Build.0 = Debug|Any CPU
		{6634CD42-8338-4681-9471-119611A28A92}.Release|Any CPU.ActiveCfg = Release|Any CPU
		{6634CD42-8338-4681-9471-119611A28A92}.Release|Any CPU.Build.0 = Release|Any CPU
		{B6A20FC6-1B2C-4EC2-9B20-D899EE3F9A98}.Debug|Any CPU.ActiveCfg = Debug|Any CPU
		{B6A20FC6-1B2C-4EC2-9B20-D899EE3F9A98}.Debug|Any CPU.Build.0 = Debug|Any CPU
		{B6A20FC6-1B2C-4EC2-9B20-D899EE3F9A98}.Release|Any CPU.ActiveCfg = Release|Any CPU
		{B6A20FC6-1B2C-4EC2-9B20-D899EE3F9A98}.Release|Any CPU.Build.0 = Release|Any CPU
		{36BE9208-AD30-4035-B807-441AFFF6E355}.Debug|Any CPU.ActiveCfg = Debug|Any CPU
		{36BE9208-AD30-4035-B807-441AFFF6E355}.Debug|Any CPU.Build.0 = Debug|Any CPU
		{36BE9208-AD30-4035-B807-441AFFF6E355}.Release|Any CPU.ActiveCfg = Release|Any CPU
		{36BE9208-AD30-4035-B807-441AFFF6E355}.Release|Any CPU.Build.0 = Release|Any CPU
		{4C4C26FA-67A6-4025-B07C-602BA9BB9D2F}.Debug|Any CPU.ActiveCfg = Debug|Any CPU
		{4C4C26FA-67A6-4025-B07C-602BA9BB9D2F}.Debug|Any CPU.Build.0 = Debug|Any CPU
		{4C4C26FA-67A6-4025-B07C-602BA9BB9D2F}.Release|Any CPU.ActiveCfg = Release|Any CPU
		{4C4C26FA-67A6-4025-B07C-602BA9BB9D2F}.Release|Any CPU.Build.0 = Release|Any CPU
		{CA6BB345-7EFE-4450-A7C1-4D86E0B7B98F}.Debug|Any CPU.ActiveCfg = Debug|Any CPU
		{CA6BB345-7EFE-4450-A7C1-4D86E0B7B98F}.Debug|Any CPU.Build.0 = Debug|Any CPU
		{CA6BB345-7EFE-4450-A7C1-4D86E0B7B98F}.Release|Any CPU.ActiveCfg = Release|Any CPU
		{CA6BB345-7EFE-4450-A7C1-4D86E0B7B98F}.Release|Any CPU.Build.0 = Release|Any CPU
		{50CF13D6-C90C-44AB-8B81-3C6626291834}.Debug|Any CPU.ActiveCfg = Debug|Any CPU
		{50CF13D6-C90C-44AB-8B81-3C6626291834}.Debug|Any CPU.Build.0 = Debug|Any CPU
		{50CF13D6-C90C-44AB-8B81-3C6626291834}.Release|Any CPU.ActiveCfg = Release|Any CPU
		{50CF13D6-C90C-44AB-8B81-3C6626291834}.Release|Any CPU.Build.0 = Release|Any CPU
		{ED840DCB-9D95-4E61-894E-FBEE817B527F}.Debug|Any CPU.ActiveCfg = Debug|Any CPU
		{ED840DCB-9D95-4E61-894E-FBEE817B527F}.Debug|Any CPU.Build.0 = Debug|Any CPU
		{ED840DCB-9D95-4E61-894E-FBEE817B527F}.Release|Any CPU.ActiveCfg = Release|Any CPU
		{ED840DCB-9D95-4E61-894E-FBEE817B527F}.Release|Any CPU.Build.0 = Release|Any CPU
		{4782C034-BD3C-4704-9A35-D4E646CA3630}.Debug|Any CPU.ActiveCfg = Debug|Any CPU
		{4782C034-BD3C-4704-9A35-D4E646CA3630}.Debug|Any CPU.Build.0 = Debug|Any CPU
		{4782C034-BD3C-4704-9A35-D4E646CA3630}.Release|Any CPU.ActiveCfg = Release|Any CPU
		{4782C034-BD3C-4704-9A35-D4E646CA3630}.Release|Any CPU.Build.0 = Release|Any CPU
	EndGlobalSection
	GlobalSection(SolutionProperties) = preSolution
		HideSolutionNode = FALSE
	EndGlobalSection
	GlobalSection(NestedProjects) = preSolution
		{6634CD42-8338-4681-9471-119611A28A92} = {55BDF550-85CB-4191-BF57-F86396941073}
		{50E2D8DB-B5EE-433B-A4C5-2E5C73F9BB28} = {8E13E4F1-A467-4291-8E29-967C0DEE1740}
		{B6A20FC6-1B2C-4EC2-9B20-D899EE3F9A98} = {8E13E4F1-A467-4291-8E29-967C0DEE1740}
		{36BE9208-AD30-4035-B807-441AFFF6E355} = {8E13E4F1-A467-4291-8E29-967C0DEE1740}
		{4C4C26FA-67A6-4025-B07C-602BA9BB9D2F} = {50E2D8DB-B5EE-433B-A4C5-2E5C73F9BB28}
		{CA6BB345-7EFE-4450-A7C1-4D86E0B7B98F} = {50E2D8DB-B5EE-433B-A4C5-2E5C73F9BB28}
		{50CF13D6-C90C-44AB-8B81-3C6626291834} = {50E2D8DB-B5EE-433B-A4C5-2E5C73F9BB28}
		{ED840DCB-9D95-4E61-894E-FBEE817B527F} = {50E2D8DB-B5EE-433B-A4C5-2E5C73F9BB28}
		{4782C034-BD3C-4704-9A35-D4E646CA3630} = {50E2D8DB-B5EE-433B-A4C5-2E5C73F9BB28}
	EndGlobalSection
	GlobalSection(ExtensibilityGlobals) = postSolution
		SolutionGuid = {8365B4FF-5893-4D08-9ACF-4103A60E1D91}
	EndGlobalSection
EndGlobal
